
Microsoft Visual Studio Solution File, Format Version 12.00
# Visual Studio Version 16
VisualStudioVersion = 16.0.31005.135
MinimumVisualStudioVersion = 10.0.40219.1
Project("{FAE04EC0-301F-11D3-BF4B-00C04F79EFBC}") = "day13_oop-interfaces-files", "day13_oop-interfaces-files.csproj", "{BAA5351C-9708-430A-BB8E-BD351AEEAA7C}"
EndProject
Global
	GlobalSection(SolutionConfigurationPlatforms) = preSolution
		Debug|Any CPU = Debug|Any CPU
		Release|Any CPU = Release|Any CPU
	EndGlobalSection
	GlobalSection(ProjectConfigurationPlatforms) = postSolution
		{BAA5351C-9708-430A-BB8E-BD351AEEAA7C}.Debug|Any CPU.ActiveCfg = Debug|Any CPU
		{BAA5351C-9708-430A-BB8E-BD351AEEAA7C}.Debug|Any CPU.Build.0 = Debug|Any CPU
		{BAA5351C-9708-430A-BB8E-BD351AEEAA7C}.Release|Any CPU.ActiveCfg = Release|Any CPU
		{BAA5351C-9708-430A-BB8E-BD351AEEAA7C}.Release|Any CPU.Build.0 = Release|Any CPU
	EndGlobalSection
	GlobalSection(SolutionProperties) = preSolution
		HideSolutionNode = FALSE
	EndGlobalSection
	GlobalSection(ExtensibilityGlobals) = postSolution
		SolutionGuid = {AA1BE7F8-CC19-4806-849A-253531ACBDDD}
	EndGlobalSection
EndGlobal
